
Microsoft Visual Studio Solution File, Format Version 12.00
# Visual Studio Version 17
VisualStudioVersion = 17.9.34723.18
MinimumVisualStudioVersion = 10.0.40219.1
Project("{FAE04EC0-301F-11D3-BF4B-00C04F79EFBC}") = "HB.LinkSaver", "HB.LinkSaver\HB.LinkSaver.csproj", "{78ED760A-762F-4FED-8D68-85D035961E02}"
EndProject
Global
	GlobalSection(SolutionConfigurationPlatforms) = preSolution
		Debug|Any CPU = Debug|Any CPU
		Release|Any CPU = Release|Any CPU
	EndGlobalSection
	GlobalSection(ProjectConfigurationPlatforms) = postSolution
		{78ED760A-762F-4FED-8D68-85D035961E02}.Debug|Any CPU.ActiveCfg = Debug|Any CPU
		{78ED760A-762F-4FED-8D68-85D035961E02}.Debug|Any CPU.Build.0 = Debug|Any CPU
		{78ED760A-762F-4FED-8D68-85D035961E02}.Release|Any CPU.ActiveCfg = Release|Any CPU
		{78ED760A-762F-4FED-8D68-85D035961E02}.Release|Any CPU.Build.0 = Release|Any CPU
	EndGlobalSection
	GlobalSection(SolutionProperties) = preSolution
		HideSolutionNode = FALSE
	EndGlobalSection
	GlobalSection(ExtensibilityGlobals) = postSolution
		SolutionGuid = {985338C2-23A2-4B11-8485-00074CBCF36B}
	EndGlobalSection
EndGlobal
